
Microsoft Visual Studio Solution File, Format Version 12.00
# Visual Studio Version 17
VisualStudioVersion = 17.9.34728.123
MinimumVisualStudioVersion = 10.0.40219.1
Project("{FAE04EC0-301F-11D3-BF4B-00C04F79EFBC}") = "WpfChatApp", "WpfChatApp.csproj", "{1061B789-8E79-44FA-99A2-32285C1000A6}"
EndProject
Global
	GlobalSection(SolutionConfigurationPlatforms) = preSolution
		Debug|Any CPU = Debug|Any CPU
		Release|Any CPU = Release|Any CPU
	EndGlobalSection
	GlobalSection(ProjectConfigurationPlatforms) = postSolution
		{1061B789-8E79-44FA-99A2-32285C1000A6}.Debug|Any CPU.ActiveCfg = Debug|Any CPU
		{1061B789-8E79-44FA-99A2-32285C1000A6}.Debug|Any CPU.Build.0 = Debug|Any CPU
		{1061B789-8E79-44FA-99A2-32285C1000A6}.Release|Any CPU.ActiveCfg = Release|Any CPU
		{1061B789-8E79-44FA-99A2-32285C1000A6}.Release|Any CPU.Build.0 = Release|Any CPU
	EndGlobalSection
	GlobalSection(SolutionProperties) = preSolution
		HideSolutionNode = FALSE
	EndGlobalSection
	GlobalSection(ExtensibilityGlobals) = postSolution
		SolutionGuid = {A5965913-1BDE-4B2E-9E95-6542B18511B7}
	EndGlobalSection
EndGlobal
